
Microsoft Visual Studio Solution File, Format Version 12.00
# Visual Studio Version 16
VisualStudioVersion = 16.0.31112.23
MinimumVisualStudioVersion = 10.0.40219.1
Project("{FAE04EC0-301F-11D3-BF4B-00C04F79EFBC}") = "aklindanSayiTut", "aklindanSayiTut.csproj", "{F155CB35-CB64-4E2B-BC48-7F9F27B51C27}"
EndProject
Global
	GlobalSection(SolutionConfigurationPlatforms) = preSolution
		Debug|Any CPU = Debug|Any CPU
		Release|Any CPU = Release|Any CPU
	EndGlobalSection
	GlobalSection(ProjectConfigurationPlatforms) = postSolution
		{F155CB35-CB64-4E2B-BC48-7F9F27B51C27}.Debug|Any CPU.ActiveCfg = Debug|Any CPU
		{F155CB35-CB64-4E2B-BC48-7F9F27B51C27}.Debug|Any CPU.Build.0 = Debug|Any CPU
		{F155CB35-CB64-4E2B-BC48-7F9F27B51C27}.Release|Any CPU.ActiveCfg = Release|Any CPU
		{F155CB35-CB64-4E2B-BC48-7F9F27B51C27}.Release|Any CPU.Build.0 = Release|Any CPU
	EndGlobalSection
	GlobalSection(SolutionProperties) = preSolution
		HideSolutionNode = FALSE
	EndGlobalSection
	GlobalSection(ExtensibilityGlobals) = postSolution
		SolutionGuid = {873DE044-BCC7-418F-A6D6-837795DBAD7F}
	EndGlobalSection
EndGlobal
