
Microsoft Visual Studio Solution File, Format Version 12.00
# Visual Studio Version 16
VisualStudioVersion = 16.0.31112.23
MinimumVisualStudioVersion = 10.0.40219.1
Project("{FAE04EC0-301F-11D3-BF4B-00C04F79EFBC}") = "random20sayidanOrtalamaninAltindaveUstundeKalanlariBulma", "random20sayidanOrtalamaninAltindaveUstundeKalanlariBulma.csproj", "{DFEA336D-50F3-4C03-83A5-E65B9287D052}"
EndProject
Global
	GlobalSection(SolutionConfigurationPlatforms) = preSolution
		Debug|Any CPU = Debug|Any CPU
		Release|Any CPU = Release|Any CPU
	EndGlobalSection
	GlobalSection(ProjectConfigurationPlatforms) = postSolution
		{DFEA336D-50F3-4C03-83A5-E65B9287D052}.Debug|Any CPU.ActiveCfg = Debug|Any CPU
		{DFEA336D-50F3-4C03-83A5-E65B9287D052}.Debug|Any CPU.Build.0 = Debug|Any CPU
		{DFEA336D-50F3-4C03-83A5-E65B9287D052}.Release|Any CPU.ActiveCfg = Release|Any CPU
		{DFEA336D-50F3-4C03-83A5-E65B9287D052}.Release|Any CPU.Build.0 = Release|Any CPU
	EndGlobalSection
	GlobalSection(SolutionProperties) = preSolution
		HideSolutionNode = FALSE
	EndGlobalSection
	GlobalSection(ExtensibilityGlobals) = postSolution
		SolutionGuid = {2C49F960-AAEF-452C-BE96-75FECCDBCC23}
	EndGlobalSection
EndGlobal
