
Microsoft Visual Studio Solution File, Format Version 12.00
# Visual Studio Version 16
VisualStudioVersion = 16.0.29326.143
MinimumVisualStudioVersion = 10.0.40219.1
Project("{FAE04EC0-301F-11D3-BF4B-00C04F79EFBC}") = "dosyaIslemleriDeneme", "dosyaIslemleriDeneme\dosyaIslemleriDeneme.csproj", "{E81A40E7-58D2-4A37-8DFA-41FF4BDAEEB0}"
EndProject
Global
	GlobalSection(SolutionConfigurationPlatforms) = preSolution
		Debug|Any CPU = Debug|Any CPU
		Release|Any CPU = Release|Any CPU
	EndGlobalSection
	GlobalSection(ProjectConfigurationPlatforms) = postSolution
		{E81A40E7-58D2-4A37-8DFA-41FF4BDAEEB0}.Debug|Any CPU.ActiveCfg = Debug|Any CPU
		{E81A40E7-58D2-4A37-8DFA-41FF4BDAEEB0}.Debug|Any CPU.Build.0 = Debug|Any CPU
		{E81A40E7-58D2-4A37-8DFA-41FF4BDAEEB0}.Release|Any CPU.ActiveCfg = Release|Any CPU
		{E81A40E7-58D2-4A37-8DFA-41FF4BDAEEB0}.Release|Any CPU.Build.0 = Release|Any CPU
	EndGlobalSection
	GlobalSection(SolutionProperties) = preSolution
		HideSolutionNode = FALSE
	EndGlobalSection
	GlobalSection(ExtensibilityGlobals) = postSolution
		SolutionGuid = {17C1249F-870D-4659-9CC1-E7CC26995461}
	EndGlobalSection
EndGlobal
